
Microsoft Visual Studio Solution File, Format Version 12.00
# Visual Studio 15
VisualStudioVersion = 15.0.27703.2042
MinimumVisualStudioVersion = 10.0.40219.1
Project("{FAE04EC0-301F-11D3-BF4B-00C04F79EFBC}") = "Ray-Ketcham-CST-117-Exercise-7", "Ray-Ketcham-CST-117-Exercise-7\Ray-Ketcham-CST-117-Exercise-7.csproj", "{EF8A4E60-B3B2-4E04-BB5C-742BFA28BE12}"
EndProject
Global
	GlobalSection(SolutionConfigurationPlatforms) = preSolution
		Debug|Any CPU = Debug|Any CPU
		Release|Any CPU = Release|Any CPU
	EndGlobalSection
	GlobalSection(ProjectConfigurationPlatforms) = postSolution
		{EF8A4E60-B3B2-4E04-BB5C-742BFA28BE12}.Debug|Any CPU.ActiveCfg = Debug|Any CPU
		{EF8A4E60-B3B2-4E04-BB5C-742BFA28BE12}.Debug|Any CPU.Build.0 = Debug|Any CPU
		{EF8A4E60-B3B2-4E04-BB5C-742BFA28BE12}.Release|Any CPU.ActiveCfg = Release|Any CPU
		{EF8A4E60-B3B2-4E04-BB5C-742BFA28BE12}.Release|Any CPU.Build.0 = Release|Any CPU
	EndGlobalSection
	GlobalSection(SolutionProperties) = preSolution
		HideSolutionNode = FALSE
	EndGlobalSection
	GlobalSection(ExtensibilityGlobals) = postSolution
		SolutionGuid = {F55A0FF6-337B-4251-9FA9-3ED70B84F565}
	EndGlobalSection
EndGlobal
